
Microsoft Visual Studio Solution File, Format Version 12.00
# Visual Studio Version 17
VisualStudioVersion = 17.4.33213.308
MinimumVisualStudioVersion = 10.0.40219.1
Project("{8BC9CEB8-8B4A-11D0-8D11-00A0C91BC942}") = "Cpp-Multithreading-Playground", "Cpp-Multithreading-Playground\Cpp-Multithreading-Playground.vcxproj", "{27948D05-0777-48AE-9DAB-93A15B2F132E}"
EndProject
Project("{8BC9CEB8-8B4A-11D0-8D11-00A0C91BC942}") = "Unit-Tests", "Unit-Tests\Unit-Tests.vcxproj", "{B2A15290-14A9-4A55-8212-7DF66DA3350B}"
EndProject
Global
	GlobalSection(SolutionConfigurationPlatforms) = preSolution
		Debug|x64 = Debug|x64
		Debug|x86 = Debug|x86
		Release|x64 = Release|x64
		Release|x86 = Release|x86
	EndGlobalSection
	GlobalSection(ProjectConfigurationPlatforms) = postSolution
		{27948D05-0777-48AE-9DAB-93A15B2F132E}.Debug|x64.ActiveCfg = Debug|x64
		{27948D05-0777-48AE-9DAB-93A15B2F132E}.Debug|x64.Build.0 = Debug|x64
		{27948D05-0777-48AE-9DAB-93A15B2F132E}.Debug|x86.ActiveCfg = Debug|Win32
		{27948D05-0777-48AE-9DAB-93A15B2F132E}.Debug|x86.Build.0 = Debug|Win32
		{27948D05-0777-48AE-9DAB-93A15B2F132E}.Release|x64.ActiveCfg = Release|x64
		{27948D05-0777-48AE-9DAB-93A15B2F132E}.Release|x64.Build.0 = Release|x64
		{27948D05-0777-48AE-9DAB-93A15B2F132E}.Release|x86.ActiveCfg = Release|Win32
		{27948D05-0777-48AE-9DAB-93A15B2F132E}.Release|x86.Build.0 = Release|Win32
		{B2A15290-14A9-4A55-8212-7DF66DA3350B}.Debug|x64.ActiveCfg = Debug|x64
		{B2A15290-14A9-4A55-8212-7DF66DA3350B}.Debug|x64.Build.0 = Debug|x64
		{B2A15290-14A9-4A55-8212-7DF66DA3350B}.Debug|x86.ActiveCfg = Debug|Win32
		{B2A15290-14A9-4A55-8212-7DF66DA3350B}.Debug|x86.Build.0 = Debug|Win32
		{B2A15290-14A9-4A55-8212-7DF66DA3350B}.Release|x64.ActiveCfg = Release|x64
		{B2A15290-14A9-4A55-8212-7DF66DA3350B}.Release|x64.Build.0 = Release|x64
		{B2A15290-14A9-4A55-8212-7DF66DA3350B}.Release|x86.ActiveCfg = Release|Win32
		{B2A15290-14A9-4A55-8212-7DF66DA3350B}.Release|x86.Build.0 = Release|Win32
	EndGlobalSection
	GlobalSection(SolutionProperties) = preSolution
		HideSolutionNode = FALSE
	EndGlobalSection
	GlobalSection(ExtensibilityGlobals) = postSolution
		SolutionGuid = {1BD56488-D0B8-4F9F-83CF-DCACD6E2A6EB}
	EndGlobalSection
EndGlobal
